PODS:
  - Alamofire (4.9.0)
  - Alamofire-Gloss (3.0.1):
    - Alamofire-Gloss/Core (= 3.0.1)
  - Alamofire-Gloss/Core (3.0.1):
    - Alamofire
    - Gloss
  - Gloss (3.0.0)
  - Nimble (8.0.4)
  - Quick (2.1.0)

DEPENDENCIES:
  - Alamofire-Gloss (from `../`)
  - Nimble
  - Quick

SPEC REPOS:
  https://github.com/cocoapods/specs.git:
    - Alamofire
    - Gloss
    - Nimble
    - Quick

EXTERNAL SOURCES:
  Alamofire-Gloss:
    :path: "../"

SPEC CHECKSUMS:
  Alamofire: afc3e7c6db61476cb45cdd23fed06bad03bbc321
  Alamofire-Gloss: 3dee46b5031315f6d06d2ee3abcb9f212a93a9ff
  Gloss: c4b5281273a9053eadbda219001c97595aa9b1e8
  Nimble: 18d5360282923225d62b09d781f63abc1a0111fc
  Quick: 4be43f6634acfa727dd106bdf3929ce125ffa79d

PODFILE CHECKSUM: 37dde621b6dd0b5b2a7766f2fab975f56fc269fc

COCOAPODS: 1.6.1
